
Microsoft Visual Studio Solution File, Format Version 12.00
# Visual Studio 15
VisualStudioVersion = 15.0.28307.438
MinimumVisualStudioVersion = 10.0.40219.1
Project("{9A19103F-16F7-4668-BE54-9A1E7A4F7556}") = "InsuranceAPI", "InsuranceAPI\InsuranceAPI.csproj", "{AF7F1E65-AB0E-4EFF-992F-25C231A7AD60}"
EndProject
Project("{9A19103F-16F7-4668-BE54-9A1E7A4F7556}") = "Insurance.Data", "Insurance.Data\Insurance.Data.csproj", "{24357660-D078-4805-B72A-0039AB118590}"
EndProject
Project("{9A19103F-16F7-4668-BE54-9A1E7A4F7556}") = "Insurance.Business", "Insurance.Business\Insurance.Business.csproj", "{8D10DE2A-51E4-4F30-8530-3C820D7F2454}"
EndProject
Project("{9A19103F-16F7-4668-BE54-9A1E7A4F7556}") = "Insurance.Test", "Insurance.Test\Insurance.Test.csproj", "{BD7446ED-D605-435F-B9A7-F1F0B92CD8A1}"
EndProject
Global
	GlobalSection(SolutionConfigurationPlatforms) = preSolution
		Debug|Any CPU = Debug|Any CPU
		Release|Any CPU = Release|Any CPU
	EndGlobalSection
	GlobalSection(ProjectConfigurationPlatforms) = postSolution
		{AF7F1E65-AB0E-4EFF-992F-25C231A7AD60}.Debug|Any CPU.ActiveCfg = Debug|Any CPU
		{AF7F1E65-AB0E-4EFF-992F-25C231A7AD60}.Debug|Any CPU.Build.0 = Debug|Any CPU
		{AF7F1E65-AB0E-4EFF-992F-25C231A7AD60}.Release|Any CPU.ActiveCfg = Release|Any CPU
		{AF7F1E65-AB0E-4EFF-992F-25C231A7AD60}.Release|Any CPU.Build.0 = Release|Any CPU
		{24357660-D078-4805-B72A-0039AB118590}.Debug|Any CPU.ActiveCfg = Debug|Any CPU
		{24357660-D078-4805-B72A-0039AB118590}.Debug|Any CPU.Build.0 = Debug|Any CPU
		{24357660-D078-4805-B72A-0039AB118590}.Release|Any CPU.ActiveCfg = Release|Any CPU
		{24357660-D078-4805-B72A-0039AB118590}.Release|Any CPU.Build.0 = Release|Any CPU
		{8D10DE2A-51E4-4F30-8530-3C820D7F2454}.Debug|Any CPU.ActiveCfg = Debug|Any CPU
		{8D10DE2A-51E4-4F30-8530-3C820D7F2454}.Debug|Any CPU.Build.0 = Debug|Any CPU
		{8D10DE2A-51E4-4F30-8530-3C820D7F2454}.Release|Any CPU.ActiveCfg = Release|Any CPU
		{8D10DE2A-51E4-4F30-8530-3C820D7F2454}.Release|Any CPU.Build.0 = Release|Any CPU
		{BD7446ED-D605-435F-B9A7-F1F0B92CD8A1}.Debug|Any CPU.ActiveCfg = Debug|Any CPU
		{BD7446ED-D605-435F-B9A7-F1F0B92CD8A1}.Debug|Any CPU.Build.0 = Debug|Any CPU
		{BD7446ED-D605-435F-B9A7-F1F0B92CD8A1}.Release|Any CPU.ActiveCfg = Release|Any CPU
		{BD7446ED-D605-435F-B9A7-F1F0B92CD8A1}.Release|Any CPU.Build.0 = Release|Any CPU
	EndGlobalSection
	GlobalSection(SolutionProperties) = preSolution
		HideSolutionNode = FALSE
	EndGlobalSection
	GlobalSection(ExtensibilityGlobals) = postSolution
		SolutionGuid = {D78DF8AE-C89C-4D01-AD5D-8245F2DAD5B3}
	EndGlobalSection
EndGlobal
